
Microsoft Visual Studio Solution File, Format Version 12.00
# Visual Studio 14
VisualStudioVersion = 14.0.23107.0
MinimumVisualStudioVersion = 10.0.40219.1
Project("{FAE04EC0-301F-11D3-BF4B-00C04F79EFBC}") = "Katas.Code", "Katas.Code\Katas.Code.csproj", "{194BA3A4-3F69-4798-8452-4684AC36D4C9}"
EndProject
Project("{FAE04EC0-301F-11D3-BF4B-00C04F79EFBC}") = "Katas.Tests", "Katas.Tests\Katas.Tests.csproj", "{EF0A6C04-F1D3-4EBB-AE29-A542CF101FB8}"
EndProject
Global
	GlobalSection(SolutionConfigurationPlatforms) = preSolution
		Debug|Any CPU = Debug|Any CPU
		Release|Any CPU = Release|Any CPU
	EndGlobalSection
	GlobalSection(ProjectConfigurationPlatforms) = postSolution
		{194BA3A4-3F69-4798-8452-4684AC36D4C9}.Debug|Any CPU.ActiveCfg = Debug|Any CPU
		{194BA3A4-3F69-4798-8452-4684AC36D4C9}.Debug|Any CPU.Build.0 = Debug|Any CPU
		{194BA3A4-3F69-4798-8452-4684AC36D4C9}.Release|Any CPU.ActiveCfg = Release|Any CPU
		{194BA3A4-3F69-4798-8452-4684AC36D4C9}.Release|Any CPU.Build.0 = Release|Any CPU
		{EF0A6C04-F1D3-4EBB-AE29-A542CF101FB8}.Debug|Any CPU.ActiveCfg = Debug|Any CPU
		{EF0A6C04-F1D3-4EBB-AE29-A542CF101FB8}.Debug|Any CPU.Build.0 = Debug|Any CPU
		{EF0A6C04-F1D3-4EBB-AE29-A542CF101FB8}.Release|Any CPU.ActiveCfg = Release|Any CPU
		{EF0A6C04-F1D3-4EBB-AE29-A542CF101FB8}.Release|Any CPU.Build.0 = Release|Any CPU
	EndGlobalSection
	GlobalSection(SolutionProperties) = preSolution
		HideSolutionNode = FALSE
	EndGlobalSection
EndGlobal
